
Microsoft Visual Studio Solution File, Format Version 12.00
# Visual Studio Version 17
VisualStudioVersion = 17.11.35303.130
MinimumVisualStudioVersion = 10.0.40219.1
Project("{FAE04EC0-301F-11D3-BF4B-00C04F79EFBC}") = "wpf kajak kenu", "wpf kajak kenu\wpf kajak kenu.csproj", "{FE8DDC4F-AB34-4945-A236-037B4342FF3C}"
EndProject
Global
	GlobalSection(SolutionConfigurationPlatforms) = preSolution
		Debug|Any CPU = Debug|Any CPU
		Release|Any CPU = Release|Any CPU
	EndGlobalSection
	GlobalSection(ProjectConfigurationPlatforms) = postSolution
		{FE8DDC4F-AB34-4945-A236-037B4342FF3C}.Debug|Any CPU.ActiveCfg = Debug|Any CPU
		{FE8DDC4F-AB34-4945-A236-037B4342FF3C}.Debug|Any CPU.Build.0 = Debug|Any CPU
		{FE8DDC4F-AB34-4945-A236-037B4342FF3C}.Release|Any CPU.ActiveCfg = Release|Any CPU
		{FE8DDC4F-AB34-4945-A236-037B4342FF3C}.Release|Any CPU.Build.0 = Release|Any CPU
	EndGlobalSection
	GlobalSection(SolutionProperties) = preSolution
		HideSolutionNode = FALSE
	EndGlobalSection
	GlobalSection(ExtensibilityGlobals) = postSolution
		SolutionGuid = {C8BB5A66-DBFC-4DA1-A9F9-3B8DBBE3AC4A}
	EndGlobalSection
EndGlobal
